
Microsoft Visual Studio Solution File, Format Version 12.00
# Visual Studio Version 17
VisualStudioVersion = 17.0.32014.148
MinimumVisualStudioVersion = 10.0.40219.1
Project("{9A19103F-16F7-4668-BE54-9A1E7A4F7556}") = "ROR2Artifacts", "ROR2Artifacts.csproj", "{9B270FD4-9926-421B-9CF7-A5BBD488AFB6}"
EndProject
Global
	GlobalSection(SolutionConfigurationPlatforms) = preSolution
		Debug|Any CPU = Debug|Any CPU
		Release|Any CPU = Release|Any CPU
	EndGlobalSection
	GlobalSection(ProjectConfigurationPlatforms) = postSolution
		{9B270FD4-9926-421B-9CF7-A5BBD488AFB6}.Debug|Any CPU.ActiveCfg = Debug|Any CPU
		{9B270FD4-9926-421B-9CF7-A5BBD488AFB6}.Debug|Any CPU.Build.0 = Debug|Any CPU
		{9B270FD4-9926-421B-9CF7-A5BBD488AFB6}.Release|Any CPU.ActiveCfg = Release|Any CPU
		{9B270FD4-9926-421B-9CF7-A5BBD488AFB6}.Release|Any CPU.Build.0 = Release|Any CPU
	EndGlobalSection
	GlobalSection(SolutionProperties) = preSolution
		HideSolutionNode = FALSE
	EndGlobalSection
	GlobalSection(ExtensibilityGlobals) = postSolution
		SolutionGuid = {6F4F0544-90F3-4040-B980-DF05D761D9AC}
	EndGlobalSection
EndGlobal
